github.com/echojc/aocutil v0.0.0-20211125040159-e71bcb34f68f h1:IVbDKHoZJYB6lLU18+5ZsHPeTzr4AmrJMrGd7y8FogY=
github.com/echojc/aocutil v0.0.0-20211125040159-e71bcb34f68f/go.mod h1:rNP1uUTizLNEwInSxs+oNsw+yBfHNhUg9y+kCI15MjQ=
golang.org/x/text v0.3.7 h1:olpwvP2KacW1ZWvsR7uQhoyTYvKAupfQrRGBFM352Gk=
golang.org/x/text v0.3.7/go.mod h1:u+2+/6zg+i71rQMx5EYifcz6MCKuco9NR6JIITiCfzQ=
